{
  "version": 4,
  "terraform_version": "1.3.8",
  "serial": 196,
  "lineage": "291f74b0-4dbb-8370-3cc1-095f528cc4b6",
  "outputs": {},
  "resources": [
    {
      "module": "module.resources",
      "mode": "data",
      "type": "aws_iam_policy",
      "name": "AmazonEC2ReadOnlyAccess",
      "provider": "provider[\"registry.terraform.io/hashicorp/aws\"]",
      "instances": [
        {
          "schema_version": 0,
          "attributes": {
            "arn": "arn:aws:iam::aws:policy/AmazonEC2ReadOnlyAccess",
            "description": "Provides read only access to Amazon EC2 via the AWS Management Console.",
            "id": "arn:aws:iam::aws:policy/AmazonEC2ReadOnlyAccess",
            "name": "AmazonEC2ReadOnlyAccess",
            "path": "/",
            "path_prefix": null,
            "policy": "{\n  \"Version\": \"2012-10-17\",\n  \"Statement\": [\n    {\n      \"Effect\": \"Allow\",\n      \"Action\": \"ec2:Describe*\",\n      \"Resource\": \"*\"\n    },\n    {\n      \"Effect\": \"Allow\",\n      \"Action\": \"elasticloadbalancing:Describe*\",\n      \"Resource\": \"*\"\n    },\n    {\n      \"Effect\": \"Allow\",\n      \"Action\": [\n        \"cloudwatch:ListMetrics\",\n        \"cloudwatch:GetMetricStatistics\",\n        \"cloudwatch:Describe*\"\n      ],\n      \"Resource\": \"*\"\n    },\n    {\n      \"Effect\": \"Allow\",\n      \"Action\": \"autoscaling:Describe*\",\n      \"Resource\": \"*\"\n    }\n  ]\n}",
            "policy_id": "ANPAIGDT4SV4GSETWTBZK",
            "tags": {}
          },
          "sensitive_attributes": []
        }
      ]
    },
    {
      "module": "module.resources",
      "mode": "managed",
      "type": "aws_iam_instance_profile",
      "name": "k8s_instance_profile",
      "provider": "provider[\"registry.terraform.io/hashicorp/aws\"]",
      "instances": [
        {
          "schema_version": 0,
          "attributes": {
            "arn": "arn:aws:iam::350270704107:instance-profile/K8sInstanceProfile",
            "create_date": "2023-03-09T13:34:51Z",
            "id": "K8sInstanceProfile",
            "name": "K8sInstanceProfile",
            "name_prefix": null,
            "path": "/",
            "role": "K8sIamRole",
            "tags": {
              "Managed": "IAC",
              "Name": "k8s-instance-pofile-TEST"
            },
            "tags_all": {
              "Managed": "IAC",
              "Name": "k8s-instance-pofile-TEST"
            },
            "unique_id": "AIPAVDDOCZHV7LCQVWB4O"
          },
          "sensitive_attributes": [],
          "private": "bnVsbA==",
          "dependencies": [
            "module.resources.aws_iam_role.k8s_iam_role"
          ]
        }
      ]
    },
    {
      "module": "module.resources",
      "mode": "managed",
      "type": "aws_iam_role",
      "name": "k8s_iam_role",
      "provider": "provider[\"registry.terraform.io/hashicorp/aws\"]",
      "instances": [
        {
          "schema_version": 0,
          "attributes": {
            "arn": "arn:aws:iam::350270704107:role/K8sIamRole",
            "assume_role_policy": "{\"Statement\":[{\"Action\":\"sts:AssumeRole\",\"Effect\":\"Allow\",\"Principal\":{\"Service\":\"ec2.amazonaws.com\"},\"Sid\":\"\"}],\"Version\":\"2012-10-17\"}",
            "create_date": "2023-03-09T13:34:49Z",
            "description": "",
            "force_detach_policies": false,
            "id": "K8sIamRole",
            "inline_policy": [],
            "managed_policy_arns": [],
            "max_session_duration": 3600,
            "name": "K8sIamRole",
            "name_prefix": "",
            "path": "/",
            "permissions_boundary": null,
            "tags": {
              "Managed": "IAC",
              "Name": "k8s-iam-role-TEST"
            },
            "tags_all": {
              "Managed": "IAC",
              "Name": "k8s-iam-role-TEST"
            },
            "unique_id": "AROAVDDOCZHV6MJSF6M4J"
          },
          "sensitive_attributes": [],
          "private": "bnVsbA=="
        }
      ]
    },
    {
      "module": "module.resources",
      "mode": "managed",
      "type": "aws_iam_role_policy_attachment",
      "name": "attach_ec2_ro_policy",
      "provider": "provider[\"registry.terraform.io/hashicorp/aws\"]",
      "instances": [
        {
          "schema_version": 0,
          "attributes": {
            "id": "K8sIamRole-20230309133451419600000001",
            "policy_arn": "arn:aws:iam::aws:policy/AmazonEC2ReadOnlyAccess",
            "role": "K8sIamRole"
          },
          "sensitive_attributes": [],
          "private": "bnVsbA==",
          "dependencies": [
            "module.resources.aws_iam_role.k8s_iam_role",
            "module.resources.data.aws_iam_policy.AmazonEC2ReadOnlyAccess"
          ]
        }
      ]
    },
    {
      "module": "module.resources",
      "mode": "managed",
      "type": "aws_instance",
      "name": "k8s_controlplane",
      "provider": "provider[\"registry.terraform.io/hashicorp/aws\"]",
      "instances": [
        {
          "schema_version": 1,
          "attributes": {
            "ami": "ami-0d1ddd83282187d18",
            "arn": "arn:aws:ec2:eu-central-1:350270704107:instance/i-02b2be72973583d1f",
            "associate_public_ip_address": true,
            "availability_zone": "eu-central-1a",
            "capacity_reservation_specification": [
              {
                "capacity_reservation_preference": "open",
                "capacity_reservation_target": []
              }
            ],
            "cpu_core_count": 1,
            "cpu_threads_per_core": 1,
            "credit_specification": [
              {
                "cpu_credits": "standard"
              }
            ],
            "disable_api_stop": false,
            "disable_api_termination": false,
            "ebs_block_device": [],
            "ebs_optimized": false,
            "enclave_options": [
              {
                "enabled": false
              }
            ],
            "ephemeral_block_device": [],
            "get_password_data": false,
            "hibernation": false,
            "host_id": "",
            "host_resource_group_arn": null,
            "iam_instance_profile": "K8sInstanceProfile",
            "id": "i-02b2be72973583d1f",
            "instance_initiated_shutdown_behavior": "stop",
            "instance_state": "running",
            "instance_type": "t2.micro",
            "ipv6_address_count": 0,
            "ipv6_addresses": [],
            "key_name": "terraform-demo",
            "launch_template": [],
            "maintenance_options": [
              {
                "auto_recovery": "default"
              }
            ],
            "metadata_options": [
              {
                "http_endpoint": "enabled",
                "http_put_response_hop_limit": 1,
                "http_tokens": "optional",
                "instance_metadata_tags": "disabled"
              }
            ],
            "monitoring": false,
            "network_interface": [],
            "outpost_arn": "",
            "password_data": "",
            "placement_group": "",
            "placement_partition_number": 0,
            "primary_network_interface_id": "eni-0e1f15bd389c2d43c",
            "private_dns": "ip-172-51-1-106.eu-central-1.compute.internal",
            "private_dns_name_options": [
              {
                "enable_resource_name_dns_a_record": false,
                "enable_resource_name_dns_aaaa_record": false,
                "hostname_type": "ip-name"
              }
            ],
            "private_ip": "172.51.1.106",
            "public_dns": "",
            "public_ip": "18.196.63.181",
            "root_block_device": [
              {
                "delete_on_termination": true,
                "device_name": "/dev/sda1",
                "encrypted": false,
                "iops": 100,
                "kms_key_id": "",
                "tags": {},
                "throughput": 0,
                "volume_id": "vol-0ebe60ca90858edb2",
                "volume_size": 8,
                "volume_type": "gp2"
              }
            ],
            "secondary_private_ips": [],
            "security_groups": [],
            "source_dest_check": true,
            "subnet_id": "subnet-05e01f2803872e14b",
            "tags": {
              "Managed": "IAC",
              "Name": "k8s-controlplane"
            },
            "tags_all": {
              "Managed": "IAC",
              "Name": "k8s-controlplane"
            },
            "tenancy": "default",
            "timeouts": null,
            "user_data": null,
            "user_data_base64": null,
            "user_data_replace_on_change": false,
            "volume_tags": null,
            "vpc_security_group_ids": [
              "sg-07baaa2d71d24d65c"
            ]
          },
          "sensitive_attributes": [],
          "private": "eyJlMmJmYjczMC1lY2FhLTExZTYtOGY4OC0zNDM2M2JjN2M0YzAiOnsiY3JlYXRlIjo2MDAwMDAwMDAwMDAsImRlbGV0ZSI6MTIwMDAwMDAwMDAwMCwidXBkYXRlIjo2MDAwMDAwMDAwMDB9LCJzY2hlbWFfdmVyc2lvbiI6IjEifQ==",
          "dependencies": [
            "module.resources.aws_iam_instance_profile.k8s_instance_profile",
            "module.resources.aws_iam_role.k8s_iam_role",
            "module.resources.aws_key_pair.terraform-demo",
            "module.resources.aws_security_group.k8s-controlplane",
            "module.resources.aws_subnet.k8s_subnet",
            "module.resources.aws_vpc.kubernetes"
          ]
        }
      ]
    },
    {
      "module": "module.resources",
      "mode": "managed",
      "type": "aws_instance",
      "name": "k8s_worker",
      "provider": "provider[\"registry.terraform.io/hashicorp/aws\"]",
      "instances": [
        {
          "schema_version": 1,
          "attributes": {
            "ami": "ami-0d1ddd83282187d18",
            "arn": "arn:aws:ec2:eu-central-1:350270704107:instance/i-03dacda1b8132a657",
            "associate_public_ip_address": true,
            "availability_zone": "eu-central-1a",
            "capacity_reservation_specification": [
              {
                "capacity_reservation_preference": "open",
                "capacity_reservation_target": []
              }
            ],
            "cpu_core_count": 1,
            "cpu_threads_per_core": 1,
            "credit_specification": [
              {
                "cpu_credits": "standard"
              }
            ],
            "disable_api_stop": false,
            "disable_api_termination": false,
            "ebs_block_device": [],
            "ebs_optimized": false,
            "enclave_options": [
              {
                "enabled": false
              }
            ],
            "ephemeral_block_device": [],
            "get_password_data": false,
            "hibernation": false,
            "host_id": "",
            "host_resource_group_arn": null,
            "iam_instance_profile": "K8sInstanceProfile",
            "id": "i-03dacda1b8132a657",
            "instance_initiated_shutdown_behavior": "stop",
            "instance_state": "running",
            "instance_type": "t2.micro",
            "ipv6_address_count": 0,
            "ipv6_addresses": [],
            "key_name": "terraform-demo",
            "launch_template": [],
            "maintenance_options": [
              {
                "auto_recovery": "default"
              }
            ],
            "metadata_options": [
              {
                "http_endpoint": "enabled",
                "http_put_response_hop_limit": 1,
                "http_tokens": "optional",
                "instance_metadata_tags": "disabled"
              }
            ],
            "monitoring": false,
            "network_interface": [],
            "outpost_arn": "",
            "password_data": "",
            "placement_group": "",
            "placement_partition_number": 0,
            "primary_network_interface_id": "eni-09cd7f45436f43fcf",
            "private_dns": "ip-172-51-1-233.eu-central-1.compute.internal",
            "private_dns_name_options": [
              {
                "enable_resource_name_dns_a_record": false,
                "enable_resource_name_dns_aaaa_record": false,
                "hostname_type": "ip-name"
              }
            ],
            "private_ip": "172.51.1.233",
            "public_dns": "",
            "public_ip": "3.75.194.24",
            "root_block_device": [
              {
                "delete_on_termination": true,
                "device_name": "/dev/sda1",
                "encrypted": false,
                "iops": 100,
                "kms_key_id": "",
                "tags": {},
                "throughput": 0,
                "volume_id": "vol-011685508b7595672",
                "volume_size": 8,
                "volume_type": "gp2"
              }
            ],
            "secondary_private_ips": [],
            "security_groups": [],
            "source_dest_check": true,
            "subnet_id": "subnet-05e01f2803872e14b",
            "tags": {
              "Managed": "IAC",
              "Name": "k8s-worker"
            },
            "tags_all": {
              "Managed": "IAC",
              "Name": "k8s-worker"
            },
            "tenancy": "default",
            "timeouts": null,
            "user_data": null,
            "user_data_base64": null,
            "user_data_replace_on_change": false,
            "volume_tags": null,
            "vpc_security_group_ids": [
              "sg-080e8ef628e9a34c7"
            ]
          },
          "sensitive_attributes": [],
          "private": "eyJlMmJmYjczMC1lY2FhLTExZTYtOGY4OC0zNDM2M2JjN2M0YzAiOnsiY3JlYXRlIjo2MDAwMDAwMDAwMDAsImRlbGV0ZSI6MTIwMDAwMDAwMDAwMCwidXBkYXRlIjo2MDAwMDAwMDAwMDB9LCJzY2hlbWFfdmVyc2lvbiI6IjEifQ==",
          "dependencies": [
            "module.resources.aws_iam_instance_profile.k8s_instance_profile",
            "module.resources.aws_iam_role.k8s_iam_role",
            "module.resources.aws_key_pair.terraform-demo",
            "module.resources.aws_security_group.k8s-worker",
            "module.resources.aws_subnet.k8s_subnet",
            "module.resources.aws_vpc.kubernetes"
          ]
        }
      ]
    },
    {
      "module": "module.resources",
      "mode": "managed",
      "type": "aws_internet_gateway",
      "name": "k8s_gw",
      "provider": "provider[\"registry.terraform.io/hashicorp/aws\"]",
      "instances": [
        {
          "schema_version": 0,
          "attributes": {
            "arn": "arn:aws:ec2:eu-central-1:350270704107:internet-gateway/igw-0a9a0349436118a59",
            "id": "igw-0a9a0349436118a59",
            "owner_id": "350270704107",
            "tags": {
              "Name": "k8s-gw"
            },
            "tags_all": {
              "Name": "k8s-gw"
            },
            "timeouts": null,
            "vpc_id": "vpc-06a7c25e4d2c4bfca"
          },
          "sensitive_attributes": [],
          "private": "eyJlMmJmYjczMC1lY2FhLTExZTYtOGY4OC0zNDM2M2JjN2M0YzAiOnsiY3JlYXRlIjoxMjAwMDAwMDAwMDAwLCJkZWxldGUiOjEyMDAwMDAwMDAwMDAsInVwZGF0ZSI6MTIwMDAwMDAwMDAwMH19",
          "dependencies": [
            "module.resources.aws_vpc.kubernetes"
          ]
        }
      ]
    },
    {
      "module": "module.resources",
      "mode": "managed",
      "type": "aws_key_pair",
      "name": "terraform-demo",
      "provider": "provider[\"registry.terraform.io/hashicorp/aws\"]",
      "instances": [
        {
          "schema_version": 1,
          "attributes": {
            "arn": "arn:aws:ec2:eu-central-1:350270704107:key-pair/terraform-demo",
            "fingerprint": "75:9f:70:b6:bc:f8:f2:cf:f2:c8:0d:40:e6:de:76:73",
            "id": "terraform-demo",
            "key_name": "terraform-demo",
            "key_name_prefix": "",
            "key_pair_id": "key-0e591c2ea9233e92b",
            "key_type": "rsa",
            "public_key": "ssh-rsa AAAAB3NzaC1yc2EAAAADAQABAAABgQCmA92Vts4V864l47VFvAQWbXYojIslcuNGJuTzp1WkKcM7w9PoUy9mDEVf3ulhQOw4B8DZTKBGt73hO+avjBVjUWnzFpZjYuwMQxEKetEnwIUBvrbHJ8UvwO7XeNPrcsj4pEDMDnsj8dQ1g5D+k+uTwjSK4r1fTI2CqRmdKukEQIK9a92KYoqLMEGCkkFwURRIGf5OPtJs1Y1m6PRgsOcA8MJFtAfruolCVd6+7QbDBcF3XAf0ufpnJJLgD+yMlrThwC/zN3lX+0vSUKfeSx3WLCaUQ1RpYO9FBvxbKVnLXgM0QY+vu8bB099604VrgqUQ7b6+8HsrGV/y/L7UaIecrsQ4CqFWgRJbMhfO5laH1GAxxfAcc71pswKnPsyfjmspr4aZ8Fclrh8cOfrq43fxeK+cgt4zmgmAm3wPc+ss0NgoqGtYzXkgxEYlAWd9zOf1BXbkaOiYveEEg21krOxHqltn77YkDgw9g+J+Ixta06EZadsxfgYXEBo4TXokyuk= mohammad@DEHY-qgetgAM2v8",
            "tags": {
              "Managed": "IAC",
              "Name": "k8s-keypair-TEST"
            },
            "tags_all": {
              "Managed": "IAC",
              "Name": "k8s-keypair-TEST"
            }
          },
          "sensitive_attributes": [
            [
              {
                "type": "get_attr",
                "value": "public_key"
              }
            ]
          ],
          "private": "eyJzY2hlbWFfdmVyc2lvbiI6IjEifQ=="
        }
      ]
    },
    {
      "module": "module.resources",
      "mode": "managed",
      "type": "aws_route_table",
      "name": "k8s_rt",
      "provider": "provider[\"registry.terraform.io/hashicorp/aws\"]",
      "instances": [
        {
          "schema_version": 0,
          "attributes": {
            "arn": "arn:aws:ec2:eu-central-1:350270704107:route-table/rtb-012f2c31758edb2f6",
            "id": "rtb-012f2c31758edb2f6",
            "owner_id": "350270704107",
            "propagating_vgws": [],
            "route": [
              {
                "carrier_gateway_id": "",
                "cidr_block": "0.0.0.0/0",
                "core_network_arn": "",
                "destination_prefix_list_id": "",
                "egress_only_gateway_id": "",
                "gateway_id": "igw-0a9a0349436118a59",
                "instance_id": "",
                "ipv6_cidr_block": "",
                "local_gateway_id": "",
                "nat_gateway_id": "",
                "network_interface_id": "",
                "transit_gateway_id": "",
                "vpc_endpoint_id": "",
                "vpc_peering_connection_id": ""
              }
            ],
            "tags": {
              "Name": "k8s-rt"
            },
            "tags_all": {
              "Name": "k8s-rt"
            },
            "timeouts": null,
            "vpc_id": "vpc-06a7c25e4d2c4bfca"
          },
          "sensitive_attributes": [],
          "private": "eyJlMmJmYjczMC1lY2FhLTExZTYtOGY4OC0zNDM2M2JjN2M0YzAiOnsiY3JlYXRlIjozMDAwMDAwMDAwMDAsImRlbGV0ZSI6MzAwMDAwMDAwMDAwLCJ1cGRhdGUiOjEyMDAwMDAwMDAwMH19",
          "dependencies": [
            "module.resources.aws_internet_gateway.k8s_gw",
            "module.resources.aws_vpc.kubernetes"
          ]
        }
      ]
    },
    {
      "module": "module.resources",
      "mode": "managed",
      "type": "aws_route_table_association",
      "name": "k8s_rta",
      "provider": "provider[\"registry.terraform.io/hashicorp/aws\"]",
      "instances": [
        {
          "schema_version": 0,
          "attributes": {
            "gateway_id": "",
            "id": "rtbassoc-00f9e961aa2629ea8",
            "route_table_id": "rtb-012f2c31758edb2f6",
            "subnet_id": "subnet-05e01f2803872e14b"
          },
          "sensitive_attributes": [],
          "private": "bnVsbA==",
          "dependencies": [
            "module.resources.aws_internet_gateway.k8s_gw",
            "module.resources.aws_route_table.k8s_rt",
            "module.resources.aws_subnet.k8s_subnet",
            "module.resources.aws_vpc.kubernetes"
          ]
        }
      ]
    },
    {
      "module": "module.resources",
      "mode": "managed",
      "type": "aws_security_group",
      "name": "k8s-controlplane",
      "provider": "provider[\"registry.terraform.io/hashicorp/aws\"]",
      "instances": [
        {
          "schema_version": 1,
          "attributes": {
            "arn": "arn:aws:ec2:eu-central-1:350270704107:security-group/sg-07baaa2d71d24d65c",
            "description": "allow connection for k8s-controlplane",
            "egress": [
              {
                "cidr_blocks": [
                  "0.0.0.0/0"
                ],
                "description": "",
                "from_port": 0,
                "ipv6_cidr_blocks": [],
                "prefix_list_ids": [],
                "protocol": "-1",
                "security_groups": [],
                "self": false,
                "to_port": 0
              }
            ],
            "id": "sg-07baaa2d71d24d65c",
            "ingress": [
              {
                "cidr_blocks": [
                  "0.0.0.0/0"
                ],
                "description": "",
                "from_port": 10250,
                "ipv6_cidr_blocks": [],
                "prefix_list_ids": [],
                "protocol": "tcp",
                "security_groups": [],
                "self": false,
                "to_port": 10250
              },
              {
                "cidr_blocks": [
                  "0.0.0.0/0"
                ],
                "description": "",
                "from_port": 10257,
                "ipv6_cidr_blocks": [],
                "prefix_list_ids": [],
                "protocol": "tcp",
                "security_groups": [],
                "self": false,
                "to_port": 10257
              },
              {
                "cidr_blocks": [
                  "0.0.0.0/0"
                ],
                "description": "",
                "from_port": 10259,
                "ipv6_cidr_blocks": [],
                "prefix_list_ids": [],
                "protocol": "tcp",
                "security_groups": [],
                "self": false,
                "to_port": 10259
              },
              {
                "cidr_blocks": [
                  "0.0.0.0/0"
                ],
                "description": "",
                "from_port": 22,
                "ipv6_cidr_blocks": [],
                "prefix_list_ids": [],
                "protocol": "tcp",
                "security_groups": [],
                "self": false,
                "to_port": 22
              },
              {
                "cidr_blocks": [
                  "0.0.0.0/0"
                ],
                "description": "",
                "from_port": 2379,
                "ipv6_cidr_blocks": [],
                "prefix_list_ids": [],
                "protocol": "tcp",
                "security_groups": [],
                "self": false,
                "to_port": 2380
              },
              {
                "cidr_blocks": [
                  "0.0.0.0/0"
                ],
                "description": "",
                "from_port": 6443,
                "ipv6_cidr_blocks": [],
                "prefix_list_ids": [],
                "protocol": "tcp",
                "security_groups": [],
                "self": false,
                "to_port": 6443
              },
              {
                "cidr_blocks": [
                  "0.0.0.0/0"
                ],
                "description": "",
                "from_port": 8472,
                "ipv6_cidr_blocks": [],
                "prefix_list_ids": [],
                "protocol": "udp",
                "security_groups": [],
                "self": false,
                "to_port": 8472
              }
            ],
            "name": "k8s-controlplane",
            "name_prefix": "",
            "owner_id": "350270704107",
            "revoke_rules_on_delete": false,
            "tags": {
              "Managed": "IAC",
              "Name": "k8s-controlplane-TEST"
            },
            "tags_all": {
              "Managed": "IAC",
              "Name": "k8s-controlplane-TEST"
            },
            "timeouts": null,
            "vpc_id": "vpc-06a7c25e4d2c4bfca"
          },
          "sensitive_attributes": [],
          "private": "eyJlMmJmYjczMC1lY2FhLTExZTYtOGY4OC0zNDM2M2JjN2M0YzAiOnsiY3JlYXRlIjo2MDAwMDAwMDAwMDAsImRlbGV0ZSI6OTAwMDAwMDAwMDAwfSwic2NoZW1hX3ZlcnNpb24iOiIxIn0=",
          "dependencies": [
            "module.resources.aws_vpc.kubernetes"
          ],
          "create_before_destroy": true
        }
      ]
    },
    {
      "module": "module.resources",
      "mode": "managed",
      "type": "aws_security_group",
      "name": "k8s-worker",
      "provider": "provider[\"registry.terraform.io/hashicorp/aws\"]",
      "instances": [
        {
          "schema_version": 1,
          "attributes": {
            "arn": "arn:aws:ec2:eu-central-1:350270704107:security-group/sg-080e8ef628e9a34c7",
            "description": "allow connection for k8s-worker",
            "egress": [
              {
                "cidr_blocks": [
                  "0.0.0.0/0"
                ],
                "description": "",
                "from_port": 0,
                "ipv6_cidr_blocks": [],
                "prefix_list_ids": [],
                "protocol": "-1",
                "security_groups": [],
                "self": false,
                "to_port": 0
              }
            ],
            "id": "sg-080e8ef628e9a34c7",
            "ingress": [
              {
                "cidr_blocks": [
                  "0.0.0.0/0"
                ],
                "description": "",
                "from_port": 10250,
                "ipv6_cidr_blocks": [],
                "prefix_list_ids": [],
                "protocol": "tcp",
                "security_groups": [],
                "self": false,
                "to_port": 10250
              },
              {
                "cidr_blocks": [
                  "0.0.0.0/0"
                ],
                "description": "",
                "from_port": 22,
                "ipv6_cidr_blocks": [],
                "prefix_list_ids": [],
                "protocol": "tcp",
                "security_groups": [],
                "self": false,
                "to_port": 22
              },
              {
                "cidr_blocks": [
                  "0.0.0.0/0"
                ],
                "description": "",
                "from_port": 30000,
                "ipv6_cidr_blocks": [],
                "prefix_list_ids": [],
                "protocol": "tcp",
                "security_groups": [],
                "self": false,
                "to_port": 32767
              },
              {
                "cidr_blocks": [
                  "0.0.0.0/0"
                ],
                "description": "",
                "from_port": 8472,
                "ipv6_cidr_blocks": [],
                "prefix_list_ids": [],
                "protocol": "udp",
                "security_groups": [],
                "self": false,
                "to_port": 8472
              }
            ],
            "name": "k8s-worker",
            "name_prefix": "",
            "owner_id": "350270704107",
            "revoke_rules_on_delete": false,
            "tags": {
              "Managed": "IAC",
              "Name": "k8s-worker-TEST"
            },
            "tags_all": {
              "Managed": "IAC",
              "Name": "k8s-worker-TEST"
            },
            "timeouts": null,
            "vpc_id": "vpc-06a7c25e4d2c4bfca"
          },
          "sensitive_attributes": [],
          "private": "eyJlMmJmYjczMC1lY2FhLTExZTYtOGY4OC0zNDM2M2JjN2M0YzAiOnsiY3JlYXRlIjo2MDAwMDAwMDAwMDAsImRlbGV0ZSI6OTAwMDAwMDAwMDAwfSwic2NoZW1hX3ZlcnNpb24iOiIxIn0=",
          "dependencies": [
            "module.resources.aws_vpc.kubernetes"
          ],
          "create_before_destroy": true
        }
      ]
    },
    {
      "module": "module.resources",
      "mode": "managed",
      "type": "aws_subnet",
      "name": "k8s_subnet",
      "provider": "provider[\"registry.terraform.io/hashicorp/aws\"]",
      "instances": [
        {
          "schema_version": 1,
          "attributes": {
            "arn": "arn:aws:ec2:eu-central-1:350270704107:subnet/subnet-05e01f2803872e14b",
            "assign_ipv6_address_on_creation": false,
            "availability_zone": "eu-central-1a",
            "availability_zone_id": "euc1-az2",
            "cidr_block": "172.51.1.0/24",
            "customer_owned_ipv4_pool": "",
            "enable_dns64": false,
            "enable_resource_name_dns_a_record_on_launch": false,
            "enable_resource_name_dns_aaaa_record_on_launch": false,
            "id": "subnet-05e01f2803872e14b",
            "ipv6_cidr_block": "",
            "ipv6_cidr_block_association_id": "",
            "ipv6_native": false,
            "map_customer_owned_ip_on_launch": false,
            "map_public_ip_on_launch": true,
            "outpost_arn": "",
            "owner_id": "350270704107",
            "private_dns_hostname_type_on_launch": "ip-name",
            "tags": {
              "Name": "k8s_subnet"
            },
            "tags_all": {
              "Name": "k8s_subnet"
            },
            "timeouts": null,
            "vpc_id": "vpc-06a7c25e4d2c4bfca"
          },
          "sensitive_attributes": [],
          "private": "eyJlMmJmYjczMC1lY2FhLTExZTYtOGY4OC0zNDM2M2JjN2M0YzAiOnsiY3JlYXRlIjo2MDAwMDAwMDAwMDAsImRlbGV0ZSI6MTIwMDAwMDAwMDAwMH0sInNjaGVtYV92ZXJzaW9uIjoiMSJ9",
          "dependencies": [
            "module.resources.aws_vpc.kubernetes"
          ]
        }
      ]
    },
    {
      "module": "module.resources",
      "mode": "managed",
      "type": "aws_vpc",
      "name": "kubernetes",
      "provider": "provider[\"registry.terraform.io/hashicorp/aws\"]",
      "instances": [
        {
          "schema_version": 1,
          "attributes": {
            "arn": "arn:aws:ec2:eu-central-1:350270704107:vpc/vpc-06a7c25e4d2c4bfca",
            "assign_generated_ipv6_cidr_block": false,
            "cidr_block": "172.51.0.0/16",
            "default_network_acl_id": "acl-03c053e3573c3b9e9",
            "default_route_table_id": "rtb-08bac754fda4abd7f",
            "default_security_group_id": "sg-097fc9994d4c2e8c3",
            "dhcp_options_id": "dopt-0c28a2e27ff0e30bc",
            "enable_classiclink": false,
            "enable_classiclink_dns_support": false,
            "enable_dns_hostnames": false,
            "enable_dns_support": true,
            "enable_network_address_usage_metrics": false,
            "id": "vpc-06a7c25e4d2c4bfca",
            "instance_tenancy": "default",
            "ipv4_ipam_pool_id": null,
            "ipv4_netmask_length": null,
            "ipv6_association_id": "",
            "ipv6_cidr_block": "",
            "ipv6_cidr_block_network_border_group": "",
            "ipv6_ipam_pool_id": "",
            "ipv6_netmask_length": 0,
            "main_route_table_id": "rtb-08bac754fda4abd7f",
            "owner_id": "350270704107",
            "tags": {
              "Name": "kubernetes"
            },
            "tags_all": {
              "Name": "kubernetes"
            }
          },
          "sensitive_attributes": [],
          "private": "eyJzY2hlbWFfdmVyc2lvbiI6IjEifQ==",
          "create_before_destroy": true
        }
      ]
    }
  ],
  "check_results": null
}
