{
  "version": 4,
  "terraform_version": "1.3.8",
  "serial": 8,
  "lineage": "997cd56f-4874-5f4e-20e0-6361a77febc5",
  "outputs": {},
  "resources": [
    {
      "module": "module.resources",
      "mode": "data",
      "type": "aws_iam_policy",
      "name": "AmazonEC2ReadOnlyAccess",
      "provider": "provider[\"registry.terraform.io/hashicorp/aws\"]",
      "instances": [
        {
          "schema_version": 0,
          "attributes": {
            "arn": "arn:aws:iam::aws:policy/AmazonEC2ReadOnlyAccess",
            "description": "Provides read only access to Amazon EC2 via the AWS Management Console.",
            "id": "arn:aws:iam::aws:policy/AmazonEC2ReadOnlyAccess",
            "name": "AmazonEC2ReadOnlyAccess",
            "path": "/",
            "path_prefix": null,
            "policy": "{\n  \"Version\": \"2012-10-17\",\n  \"Statement\": [\n    {\n      \"Effect\": \"Allow\",\n      \"Action\": \"ec2:Describe*\",\n      \"Resource\": \"*\"\n    },\n    {\n      \"Effect\": \"Allow\",\n      \"Action\": \"elasticloadbalancing:Describe*\",\n      \"Resource\": \"*\"\n    },\n    {\n      \"Effect\": \"Allow\",\n      \"Action\": [\n        \"cloudwatch:ListMetrics\",\n        \"cloudwatch:GetMetricStatistics\",\n        \"cloudwatch:Describe*\"\n      ],\n      \"Resource\": \"*\"\n    },\n    {\n      \"Effect\": \"Allow\",\n      \"Action\": \"autoscaling:Describe*\",\n      \"Resource\": \"*\"\n    }\n  ]\n}",
            "policy_id": "ANPAIGDT4SV4GSETWTBZK",
            "tags": {}
          },
          "sensitive_attributes": []
        }
      ]
    },
    {
      "module": "module.resources",
      "mode": "managed",
      "type": "aws_iam_instance_profile",
      "name": "k8s_instance_profile",
      "provider": "provider[\"registry.terraform.io/hashicorp/aws\"]",
      "instances": [
        {
          "schema_version": 0,
          "attributes": {
            "arn": "arn:aws:iam::350270704107:instance-profile/K8sInstanceProfile",
            "create_date": "2023-02-19T10:55:32Z",
            "id": "K8sInstanceProfile",
            "name": "K8sInstanceProfile",
            "name_prefix": null,
            "path": "/",
            "role": "K8sIamRole",
            "tags": {
              "Managed": "IAC",
              "Name": "k8s-instance-pofile-TEST"
            },
            "tags_all": {
              "Managed": "IAC",
              "Name": "k8s-instance-pofile-TEST"
            },
            "unique_id": "AIPAVDDOCZHVYB7WXL5BY"
          },
          "sensitive_attributes": [],
          "private": "bnVsbA==",
          "dependencies": [
            "module.resources.aws_iam_role.k8s_iam_role"
          ]
        }
      ]
    },
    {
      "module": "module.resources",
      "mode": "managed",
      "type": "aws_iam_role",
      "name": "k8s_iam_role",
      "provider": "provider[\"registry.terraform.io/hashicorp/aws\"]",
      "instances": [
        {
          "schema_version": 0,
          "attributes": {
            "arn": "arn:aws:iam::350270704107:role/K8sIamRole",
            "assume_role_policy": "{\"Statement\":[{\"Action\":\"sts:AssumeRole\",\"Effect\":\"Allow\",\"Principal\":{\"Service\":\"ec2.amazonaws.com\"},\"Sid\":\"\"}],\"Version\":\"2012-10-17\"}",
            "create_date": "2023-02-19T10:55:31Z",
            "description": "",
            "force_detach_policies": false,
            "id": "K8sIamRole",
            "inline_policy": [],
            "managed_policy_arns": [],
            "max_session_duration": 3600,
            "name": "K8sIamRole",
            "name_prefix": "",
            "path": "/",
            "permissions_boundary": null,
            "tags": {
              "Managed": "IAC",
              "Name": "k8s-iam-role-TEST"
            },
            "tags_all": {
              "Managed": "IAC",
              "Name": "k8s-iam-role-TEST"
            },
            "unique_id": "AROAVDDOCZHVXUOTQQJ4X"
          },
          "sensitive_attributes": [],
          "private": "bnVsbA=="
        }
      ]
    },
    {
      "module": "module.resources",
      "mode": "managed",
      "type": "aws_iam_role_policy_attachment",
      "name": "attach_ec2_ro_policy",
      "provider": "provider[\"registry.terraform.io/hashicorp/aws\"]",
      "instances": [
        {
          "schema_version": 0,
          "attributes": {
            "id": "K8sIamRole-20230219105531431200000001",
            "policy_arn": "arn:aws:iam::aws:policy/AmazonEC2ReadOnlyAccess",
            "role": "K8sIamRole"
          },
          "sensitive_attributes": [],
          "private": "bnVsbA==",
          "dependencies": [
            "module.resources.aws_iam_role.k8s_iam_role",
            "module.resources.data.aws_iam_policy.AmazonEC2ReadOnlyAccess"
          ]
        }
      ]
    },
    {
      "module": "module.resources",
      "mode": "managed",
      "type": "aws_instance",
      "name": "k8s_server",
      "provider": "provider[\"registry.terraform.io/hashicorp/aws\"]",
      "instances": [
        {
          "index_key": 0,
          "schema_version": 1,
          "attributes": {
            "ami": "ami-0c0d3776ef525d5dd",
            "arn": "arn:aws:ec2:eu-central-1:350270704107:instance/i-094e0355ad275bb22",
            "associate_public_ip_address": true,
            "availability_zone": "eu-central-1a",
            "capacity_reservation_specification": [
              {
                "capacity_reservation_preference": "open",
                "capacity_reservation_target": []
              }
            ],
            "cpu_core_count": 1,
            "cpu_threads_per_core": 1,
            "credit_specification": [
              {
                "cpu_credits": "standard"
              }
            ],
            "disable_api_stop": false,
            "disable_api_termination": false,
            "ebs_block_device": [],
            "ebs_optimized": false,
            "enclave_options": [
              {
                "enabled": false
              }
            ],
            "ephemeral_block_device": [],
            "get_password_data": false,
            "hibernation": false,
            "host_id": "",
            "host_resource_group_arn": null,
            "iam_instance_profile": "K8sInstanceProfile",
            "id": "i-094e0355ad275bb22",
            "instance_initiated_shutdown_behavior": "stop",
            "instance_state": "running",
            "instance_type": "t2.micro",
            "ipv6_address_count": 0,
            "ipv6_addresses": [],
            "key_name": "terraform-demo",
            "launch_template": [],
            "maintenance_options": [
              {
                "auto_recovery": "default"
              }
            ],
            "metadata_options": [
              {
                "http_endpoint": "enabled",
                "http_put_response_hop_limit": 1,
                "http_tokens": "optional",
                "instance_metadata_tags": "disabled"
              }
            ],
            "monitoring": false,
            "network_interface": [],
            "outpost_arn": "",
            "password_data": "",
            "placement_group": "",
            "placement_partition_number": 0,
            "primary_network_interface_id": "eni-0c5b5b12898a1530f",
            "private_dns": "ip-172-31-23-120.eu-central-1.compute.internal",
            "private_dns_name_options": [
              {
                "enable_resource_name_dns_a_record": false,
                "enable_resource_name_dns_aaaa_record": false,
                "hostname_type": "ip-name"
              }
            ],
            "private_ip": "172.31.23.120",
            "public_dns": "ec2-18-184-73-112.eu-central-1.compute.amazonaws.com",
            "public_ip": "18.184.73.112",
            "root_block_device": [
              {
                "delete_on_termination": true,
                "device_name": "/dev/xvda",
                "encrypted": false,
                "iops": 100,
                "kms_key_id": "",
                "tags": {},
                "throughput": 0,
                "volume_id": "vol-09146b5cc0b4ad18b",
                "volume_size": 8,
                "volume_type": "gp2"
              }
            ],
            "secondary_private_ips": [],
            "security_groups": [
              "IAC-Sec-Group"
            ],
            "source_dest_check": true,
            "subnet_id": "subnet-0a421c7ba75aef2fd",
            "tags": {
              "Managed": "IAC",
              "Name": "k8s-ec2-1"
            },
            "tags_all": {
              "Managed": "IAC",
              "Name": "k8s-ec2-1"
            },
            "tenancy": "default",
            "timeouts": null,
            "user_data": null,
            "user_data_base64": null,
            "user_data_replace_on_change": false,
            "volume_tags": null,
            "vpc_security_group_ids": [
              "sg-03dfa76d781a98ee7"
            ]
          },
          "sensitive_attributes": [],
          "private": "eyJlMmJmYjczMC1lY2FhLTExZTYtOGY4OC0zNDM2M2JjN2M0YzAiOnsiY3JlYXRlIjo2MDAwMDAwMDAwMDAsImRlbGV0ZSI6MTIwMDAwMDAwMDAwMCwidXBkYXRlIjo2MDAwMDAwMDAwMDB9LCJzY2hlbWFfdmVyc2lvbiI6IjEifQ==",
          "dependencies": [
            "module.resources.aws_iam_instance_profile.k8s_instance_profile",
            "module.resources.aws_iam_role.k8s_iam_role",
            "module.resources.aws_key_pair.terraform-demo",
            "module.resources.aws_security_group.k8s-sg"
          ]
        },
        {
          "index_key": 1,
          "schema_version": 1,
          "attributes": {
            "ami": "ami-0c0d3776ef525d5dd",
            "arn": "arn:aws:ec2:eu-central-1:350270704107:instance/i-040baeb680a4a35a5",
            "associate_public_ip_address": true,
            "availability_zone": "eu-central-1a",
            "capacity_reservation_specification": [
              {
                "capacity_reservation_preference": "open",
                "capacity_reservation_target": []
              }
            ],
            "cpu_core_count": 1,
            "cpu_threads_per_core": 1,
            "credit_specification": [
              {
                "cpu_credits": "standard"
              }
            ],
            "disable_api_stop": false,
            "disable_api_termination": false,
            "ebs_block_device": [],
            "ebs_optimized": false,
            "enclave_options": [
              {
                "enabled": false
              }
            ],
            "ephemeral_block_device": [],
            "get_password_data": false,
            "hibernation": false,
            "host_id": "",
            "host_resource_group_arn": null,
            "iam_instance_profile": "K8sInstanceProfile",
            "id": "i-040baeb680a4a35a5",
            "instance_initiated_shutdown_behavior": "stop",
            "instance_state": "running",
            "instance_type": "t2.micro",
            "ipv6_address_count": 0,
            "ipv6_addresses": [],
            "key_name": "terraform-demo",
            "launch_template": [],
            "maintenance_options": [
              {
                "auto_recovery": "default"
              }
            ],
            "metadata_options": [
              {
                "http_endpoint": "enabled",
                "http_put_response_hop_limit": 1,
                "http_tokens": "optional",
                "instance_metadata_tags": "disabled"
              }
            ],
            "monitoring": false,
            "network_interface": [],
            "outpost_arn": "",
            "password_data": "",
            "placement_group": "",
            "placement_partition_number": 0,
            "primary_network_interface_id": "eni-0aa862e872eb54137",
            "private_dns": "ip-172-31-26-200.eu-central-1.compute.internal",
            "private_dns_name_options": [
              {
                "enable_resource_name_dns_a_record": false,
                "enable_resource_name_dns_aaaa_record": false,
                "hostname_type": "ip-name"
              }
            ],
            "private_ip": "172.31.26.200",
            "public_dns": "ec2-35-156-177-177.eu-central-1.compute.amazonaws.com",
            "public_ip": "35.156.177.177",
            "root_block_device": [
              {
                "delete_on_termination": true,
                "device_name": "/dev/xvda",
                "encrypted": false,
                "iops": 100,
                "kms_key_id": "",
                "tags": {},
                "throughput": 0,
                "volume_id": "vol-0ca1939e696b96a2f",
                "volume_size": 8,
                "volume_type": "gp2"
              }
            ],
            "secondary_private_ips": [],
            "security_groups": [
              "IAC-Sec-Group"
            ],
            "source_dest_check": true,
            "subnet_id": "subnet-0a421c7ba75aef2fd",
            "tags": {
              "Managed": "IAC",
              "Name": "k8s-ec2-2"
            },
            "tags_all": {
              "Managed": "IAC",
              "Name": "k8s-ec2-2"
            },
            "tenancy": "default",
            "timeouts": null,
            "user_data": null,
            "user_data_base64": null,
            "user_data_replace_on_change": false,
            "volume_tags": null,
            "vpc_security_group_ids": [
              "sg-03dfa76d781a98ee7"
            ]
          },
          "sensitive_attributes": [],
          "private": "eyJlMmJmYjczMC1lY2FhLTExZTYtOGY4OC0zNDM2M2JjN2M0YzAiOnsiY3JlYXRlIjo2MDAwMDAwMDAwMDAsImRlbGV0ZSI6MTIwMDAwMDAwMDAwMCwidXBkYXRlIjo2MDAwMDAwMDAwMDB9LCJzY2hlbWFfdmVyc2lvbiI6IjEifQ==",
          "dependencies": [
            "module.resources.aws_iam_instance_profile.k8s_instance_profile",
            "module.resources.aws_iam_role.k8s_iam_role",
            "module.resources.aws_key_pair.terraform-demo",
            "module.resources.aws_security_group.k8s-sg"
          ]
        }
      ]
    },
    {
      "module": "module.resources",
      "mode": "managed",
      "type": "aws_key_pair",
      "name": "terraform-demo",
      "provider": "provider[\"registry.terraform.io/hashicorp/aws\"]",
      "instances": [
        {
          "schema_version": 1,
          "attributes": {
            "arn": "arn:aws:ec2:eu-central-1:350270704107:key-pair/terraform-demo",
            "fingerprint": "75:9f:70:b6:bc:f8:f2:cf:f2:c8:0d:40:e6:de:76:73",
            "id": "terraform-demo",
            "key_name": "terraform-demo",
            "key_name_prefix": "",
            "key_pair_id": "key-0563ed4d75f1445ce",
            "key_type": "rsa",
            "public_key": "ssh-rsa AAAAB3NzaC1yc2EAAAADAQABAAABgQCmA92Vts4V864l47VFvAQWbXYojIslcuNGJuTzp1WkKcM7w9PoUy9mDEVf3ulhQOw4B8DZTKBGt73hO+avjBVjUWnzFpZjYuwMQxEKetEnwIUBvrbHJ8UvwO7XeNPrcsj4pEDMDnsj8dQ1g5D+k+uTwjSK4r1fTI2CqRmdKukEQIK9a92KYoqLMEGCkkFwURRIGf5OPtJs1Y1m6PRgsOcA8MJFtAfruolCVd6+7QbDBcF3XAf0ufpnJJLgD+yMlrThwC/zN3lX+0vSUKfeSx3WLCaUQ1RpYO9FBvxbKVnLXgM0QY+vu8bB099604VrgqUQ7b6+8HsrGV/y/L7UaIecrsQ4CqFWgRJbMhfO5laH1GAxxfAcc71pswKnPsyfjmspr4aZ8Fclrh8cOfrq43fxeK+cgt4zmgmAm3wPc+ss0NgoqGtYzXkgxEYlAWd9zOf1BXbkaOiYveEEg21krOxHqltn77YkDgw9g+J+Ixta06EZadsxfgYXEBo4TXokyuk= mohammad@DEHY-qgetgAM2v8",
            "tags": {
              "Managed": "IAC",
              "Name": "k8s-keypair-TEST"
            },
            "tags_all": {
              "Managed": "IAC",
              "Name": "k8s-keypair-TEST"
            }
          },
          "sensitive_attributes": [
            [
              {
                "type": "get_attr",
                "value": "public_key"
              }
            ]
          ],
          "private": "eyJzY2hlbWFfdmVyc2lvbiI6IjEifQ=="
        }
      ]
    },
    {
      "module": "module.resources",
      "mode": "managed",
      "type": "aws_security_group",
      "name": "k8s-sg",
      "provider": "provider[\"registry.terraform.io/hashicorp/aws\"]",
      "instances": [
        {
          "schema_version": 1,
          "attributes": {
            "arn": "arn:aws:ec2:eu-central-1:350270704107:security-group/sg-03dfa76d781a98ee7",
            "description": "IAC-Sec-Group",
            "egress": [
              {
                "cidr_blocks": [
                  "0.0.0.0/0"
                ],
                "description": "",
                "from_port": 0,
                "ipv6_cidr_blocks": [],
                "prefix_list_ids": [],
                "protocol": "-1",
                "security_groups": [],
                "self": false,
                "to_port": 0
              }
            ],
            "id": "sg-03dfa76d781a98ee7",
            "ingress": [
              {
                "cidr_blocks": [
                  "0.0.0.0/0"
                ],
                "description": "",
                "from_port": 22,
                "ipv6_cidr_blocks": [],
                "prefix_list_ids": [],
                "protocol": "tcp",
                "security_groups": [],
                "self": false,
                "to_port": 22
              },
              {
                "cidr_blocks": [
                  "0.0.0.0/0"
                ],
                "description": "",
                "from_port": 80,
                "ipv6_cidr_blocks": [],
                "prefix_list_ids": [],
                "protocol": "tcp",
                "security_groups": [],
                "self": false,
                "to_port": 80
              }
            ],
            "name": "IAC-Sec-Group",
            "name_prefix": "",
            "owner_id": "350270704107",
            "revoke_rules_on_delete": false,
            "tags": {
              "Managed": "IAC",
              "Name": "k8s-publicip-TEST"
            },
            "tags_all": {
              "Managed": "IAC",
              "Name": "k8s-publicip-TEST"
            },
            "timeouts": null,
            "vpc_id": "vpc-024868b339a6580c4"
          },
          "sensitive_attributes": [],
          "private": "eyJlMmJmYjczMC1lY2FhLTExZTYtOGY4OC0zNDM2M2JjN2M0YzAiOnsiY3JlYXRlIjo2MDAwMDAwMDAwMDAsImRlbGV0ZSI6OTAwMDAwMDAwMDAwfSwic2NoZW1hX3ZlcnNpb24iOiIxIn0=",
          "create_before_destroy": true
        }
      ]
    }
  ],
  "check_results": null
}
