{
  "version": 4,
  "terraform_version": "1.3.8",
  "serial": 4,
  "lineage": "89ccab8b-1ecd-e82a-96c6-15085b70dcd3",
  "outputs": {},
  "resources": [
    {
      "module": "module.resource-creation",
      "mode": "data",
      "type": "aws_iam_policy",
      "name": "AmazonEC2ReadOnlyAccess",
      "provider": "provider[\"registry.terraform.io/hashicorp/aws\"]",
      "instances": [
        {
          "schema_version": 0,
          "attributes": {
            "arn": "arn:aws:iam::aws:policy/AmazonEC2ReadOnlyAccess",
            "description": "Provides read only access to Amazon EC2 via the AWS Management Console.",
            "id": "arn:aws:iam::aws:policy/AmazonEC2ReadOnlyAccess",
            "name": "AmazonEC2ReadOnlyAccess",
            "path": "/",
            "path_prefix": null,
            "policy": "{\n  \"Version\": \"2012-10-17\",\n  \"Statement\": [\n    {\n      \"Effect\": \"Allow\",\n      \"Action\": \"ec2:Describe*\",\n      \"Resource\": \"*\"\n    },\n    {\n      \"Effect\": \"Allow\",\n      \"Action\": \"elasticloadbalancing:Describe*\",\n      \"Resource\": \"*\"\n    },\n    {\n      \"Effect\": \"Allow\",\n      \"Action\": [\n        \"cloudwatch:ListMetrics\",\n        \"cloudwatch:GetMetricStatistics\",\n        \"cloudwatch:Describe*\"\n      ],\n      \"Resource\": \"*\"\n    },\n    {\n      \"Effect\": \"Allow\",\n      \"Action\": \"autoscaling:Describe*\",\n      \"Resource\": \"*\"\n    }\n  ]\n}",
            "policy_id": "ANPAIGDT4SV4GSETWTBZK",
            "tags": {}
          },
          "sensitive_attributes": []
        }
      ]
    },
    {
      "module": "module.resource-creation",
      "mode": "managed",
      "type": "aws_iam_instance_profile",
      "name": "k8s_instance_profile",
      "provider": "provider[\"registry.terraform.io/hashicorp/aws\"]",
      "instances": [
        {
          "schema_version": 0,
          "attributes": {
            "arn": "arn:aws:iam::350270704107:instance-profile/K8sInstanceProfile",
            "create_date": "2023-02-18T19:16:06Z",
            "id": "K8sInstanceProfile",
            "name": "K8sInstanceProfile",
            "name_prefix": null,
            "path": "/",
            "role": "K8sIamRole",
            "tags": {
              "Name": "k8s-instance-pofile-TEST"
            },
            "tags_all": {
              "Name": "k8s-instance-pofile-TEST"
            },
            "unique_id": "AIPAVDDOCZHV7Y4HMZZSU"
          },
          "sensitive_attributes": [],
          "private": "bnVsbA==",
          "dependencies": [
            "module.resource-creation.aws_iam_role.k8s_iam_role"
          ]
        }
      ]
    },
    {
      "module": "module.resource-creation",
      "mode": "managed",
      "type": "aws_iam_role",
      "name": "k8s_iam_role",
      "provider": "provider[\"registry.terraform.io/hashicorp/aws\"]",
      "instances": [
        {
          "schema_version": 0,
          "attributes": {
            "arn": "arn:aws:iam::350270704107:role/K8sIamRole",
            "assume_role_policy": "{\"Statement\":[{\"Action\":\"sts:AssumeRole\",\"Effect\":\"Allow\",\"Principal\":{\"Service\":\"ec2.amazonaws.com\"},\"Sid\":\"\"}],\"Version\":\"2012-10-17\"}",
            "create_date": "2023-02-18T19:16:05Z",
            "description": "",
            "force_detach_policies": false,
            "id": "K8sIamRole",
            "inline_policy": [],
            "managed_policy_arns": [],
            "max_session_duration": 3600,
            "name": "K8sIamRole",
            "name_prefix": "",
            "path": "/",
            "permissions_boundary": null,
            "tags": {
              "Name": "k8s-iam-role-TEST"
            },
            "tags_all": {
              "Name": "k8s-iam-role-TEST"
            },
            "unique_id": "AROAVDDOCZHV6LIIPLW2H"
          },
          "sensitive_attributes": [],
          "private": "bnVsbA=="
        }
      ]
    },
    {
      "module": "module.resource-creation",
      "mode": "managed",
      "type": "aws_iam_role_policy_attachment",
      "name": "attach_ec2_ro_policy",
      "provider": "provider[\"registry.terraform.io/hashicorp/aws\"]",
      "instances": [
        {
          "schema_version": 0,
          "attributes": {
            "id": "K8sIamRole-20230218191606429100000001",
            "policy_arn": "arn:aws:iam::aws:policy/AmazonEC2ReadOnlyAccess",
            "role": "K8sIamRole"
          },
          "sensitive_attributes": [],
          "private": "bnVsbA==",
          "dependencies": [
            "module.resource-creation.aws_iam_role.k8s_iam_role",
            "module.resource-creation.data.aws_iam_policy.AmazonEC2ReadOnlyAccess"
          ]
        }
      ]
    }
  ],
  "check_results": null
}
